
Microsoft Visual Studio Solution File, Format Version 12.00
# Visual Studio Version 17
VisualStudioVersion = 17.4.33213.308
MinimumVisualStudioVersion = 10.0.40219.1
Project("{FAE04EC0-301F-11D3-BF4B-00C04F79EFBC}") = "TechnoSpaceAPIs", "TechnoSpaceAPIs.csproj", "{BFB12AA6-705D-4910-A86E-65D305520AE1}"
EndProject
Global
	GlobalSection(SolutionConfigurationPlatforms) = preSolution
		Debug|Any CPU = Debug|Any CPU
		Release|Any CPU = Release|Any CPU
	EndGlobalSection
	GlobalSection(ProjectConfigurationPlatforms) = postSolution
		{BFB12AA6-705D-4910-A86E-65D305520AE1}.Debug|Any CPU.ActiveCfg = Debug|Any CPU
		{BFB12AA6-705D-4910-A86E-65D305520AE1}.Debug|Any CPU.Build.0 = Debug|Any CPU
		{BFB12AA6-705D-4910-A86E-65D305520AE1}.Release|Any CPU.ActiveCfg = Release|Any CPU
		{BFB12AA6-705D-4910-A86E-65D305520AE1}.Release|Any CPU.Build.0 = Release|Any CPU
	EndGlobalSection
	GlobalSection(SolutionProperties) = preSolution
		HideSolutionNode = FALSE
	EndGlobalSection
	GlobalSection(ExtensibilityGlobals) = postSolution
		SolutionGuid = {C46E5BE0-3B5D-4137-8BCD-3B1FC6B4F572}
	EndGlobalSection
EndGlobal
